{
    "requires": true,
    "lockfileVersion": 1,
    "dependencies": {
        "froala-editor": {
            "version": "3.0.6",
            "resolved": "https://registry.npmjs.org/froala-editor/-/froala-editor-3.0.6.tgz",
            "integrity": "sha512-AU12qDl4t41n/s7awRp3tFE5dWytxwwH4od/JmhhwAEzORyH5OVaKB8Y+oLQQwRNgCTnvSscy9yA518utFx8YA=="
        },
        "jquery": {
            "version": "3.4.1",
            "resolved": "https://registry.npmjs.org/jquery/-/jquery-3.4.1.tgz",
            "integrity": "sha512-36+AdBzCL+y6qjw5Tx7HgzeGCzC81MDDgaUP8ld2zhx58HdqXGoBd+tHdrBMiyjGQs0Hxs/MLZTu/eHNJJuWPw=="
        },
        "toastr": {
            "version": "2.1.4",
            "resolved": "https://registry.npmjs.org/toastr/-/toastr-2.1.4.tgz",
            "integrity": "sha1-i0O+ZPudDEFIcURvLbjoyk6V8YE=",
            "requires": {
                "jquery": ">=1.12.0"
            }
        }
    }
}
